<?xml version="1.0" encoding="UTF-8" standalone="yes" ?>
<CodeBlocks_project_file>
	<FileVersion major="1" minor="6" />
	<Project>
		<Option title="PIM_2" />
		<Option pch_mode="2" />
		<Option compiler="gcc" />
		<Build>
			<Target title="Debug">
				<Option output="bin/Debug/PIM_2" prefix_auto="1" extension_auto="1" />
				<Option object_output="obj/Debug/" />
				<Option type="1" />
				<Option compiler="gcc" />
				<Compiler>
					<Add option="-g" />
				</Compiler>
			</Target>
			<Target title="Release">
				<Option output="bin/Release/PIM_2" prefix_auto="1" extension_auto="1" />
				<Option object_output="obj/Release/" />
				<Option type="1" />
				<Option compiler="gcc" />
				<Compiler>
					<Add option="-O2" />
				</Compiler>
				<Linker>
					<Add option="-s" />
				</Linker>
			</Target>
		</Build>
		<Compiler>
			<Add option="-Wall" />
		</Compiler>
		<Unit filename="libs/exposicao_system.h">
			<Option target="&lt;{~None~}&gt;" />
		</Unit>
		<Unit filename="libs/file_system.c">
			<Option compilerVar="CC" />
			<Option target="&lt;{~None~}&gt;" />
		</Unit>
		<Unit filename="libs/file_system.h">
			<Option target="&lt;{~None~}&gt;" />
		</Unit>
		<Unit filename="libs/questions_system.h">
			<Option target="&lt;{~None~}&gt;" />
		</Unit>
		<Unit filename="libs/relatorio_system.h">
			<Option target="&lt;{~None~}&gt;" />
		</Unit>
		<Unit filename="libs/style_system.c">
			<Option compilerVar="CC" />
			<Option target="&lt;{~None~}&gt;" />
		</Unit>
		<Unit filename="libs/style_system.h">
			<Option target="&lt;{~None~}&gt;" />
		</Unit>
		<Unit filename="libs/temas_system.c">
			<Option compilerVar="CC" />
			<Option target="&lt;{~None~}&gt;" />
		</Unit>
		<Unit filename="libs/temas_system.h">
			<Option target="&lt;{~None~}&gt;" />
		</Unit>
		<Unit filename="libs/ticket_system.c">
			<Option compilerVar="CC" />
			<Option target="&lt;{~None~}&gt;" />
		</Unit>
		<Unit filename="libs/ticket_system.h">
			<Option target="&lt;{~None~}&gt;" />
		</Unit>
		<Unit filename="main.c">
			<Option compilerVar="CC" />
		</Unit>
		<Extensions />
	</Project>
</CodeBlocks_project_file>
